Microsoft Visual Studio Solution File, Format Version 12.00
# Visual Studio 2012
Project("{FAE04EC0-301F-11D3-BF4B-00C04F79EFBC}") = "RacingExample", "RacingExample.csproj", "{E2999C40-6DD8-43BC-9D9A-473B12290385}"
EndProject
Global
	GlobalSection(SolutionConfigurationPlatforms) = preSolution
	Debug|Any CPU = Debug|Any CPU
	ExportDebug|Any CPU = ExportDebug|Any CPU
	ExportRelease|Any CPU = ExportRelease|Any CPU
	EndGlobalSection
	GlobalSection(ProjectConfigurationPlatforms) = postSolution
		{E2999C40-6DD8-43BC-9D9A-473B12290385}.Debug|Any CPU.ActiveCfg = Debug|Any CPU
		{E2999C40-6DD8-43BC-9D9A-473B12290385}.Debug|Any CPU.Build.0 = Debug|Any CPU
		{E2999C40-6DD8-43BC-9D9A-473B12290385}.ExportDebug|Any CPU.ActiveCfg = ExportDebug|Any CPU
		{E2999C40-6DD8-43BC-9D9A-473B12290385}.ExportDebug|Any CPU.Build.0 = ExportDebug|Any CPU
		{E2999C40-6DD8-43BC-9D9A-473B12290385}.ExportRelease|Any CPU.ActiveCfg = ExportRelease|Any CPU
		{E2999C40-6DD8-43BC-9D9A-473B12290385}.ExportRelease|Any CPU.Build.0 = ExportRelease|Any CPU
	EndGlobalSection
EndGlobal
