Microsoft Visual Studio Solution File, Format Version 12.00
# Visual Studio 2012
Project("{FAE04EC0-301F-11D3-BF4B-00C04F79EFBC}") = "RobotEnv", "RobotEnv.csproj", "{C8D3517D-AA7F-40D8-B8D8-6FD3D270B2B9}"
EndProject
Global
	GlobalSection(SolutionConfigurationPlatforms) = preSolution
	Debug|Any CPU = Debug|Any CPU
	ExportDebug|Any CPU = ExportDebug|Any CPU
	ExportRelease|Any CPU = ExportRelease|Any CPU
	EndGlobalSection
	GlobalSection(ProjectConfigurationPlatforms) = postSolution
		{C8D3517D-AA7F-40D8-B8D8-6FD3D270B2B9}.Debug|Any CPU.ActiveCfg = Debug|Any CPU
		{C8D3517D-AA7F-40D8-B8D8-6FD3D270B2B9}.Debug|Any CPU.Build.0 = Debug|Any CPU
		{C8D3517D-AA7F-40D8-B8D8-6FD3D270B2B9}.ExportDebug|Any CPU.ActiveCfg = ExportDebug|Any CPU
		{C8D3517D-AA7F-40D8-B8D8-6FD3D270B2B9}.ExportDebug|Any CPU.Build.0 = ExportDebug|Any CPU
		{C8D3517D-AA7F-40D8-B8D8-6FD3D270B2B9}.ExportRelease|Any CPU.ActiveCfg = ExportRelease|Any CPU
		{C8D3517D-AA7F-40D8-B8D8-6FD3D270B2B9}.ExportRelease|Any CPU.Build.0 = ExportRelease|Any CPU
	EndGlobalSection
EndGlobal
