Microsoft Visual Studio Solution File, Format Version 12.00
# Visual Studio 2012
Project("{FAE04EC0-301F-11D3-BF4B-00C04F79EFBC}") = "PushBall", "PushBall.csproj", "{B0EAFC65-EF15-457D-88AA-02DC8422CE19}"
EndProject
Global
	GlobalSection(SolutionConfigurationPlatforms) = preSolution
	Debug|Any CPU = Debug|Any CPU
	ExportDebug|Any CPU = ExportDebug|Any CPU
	ExportRelease|Any CPU = ExportRelease|Any CPU
	EndGlobalSection
	GlobalSection(ProjectConfigurationPlatforms) = postSolution
		{B0EAFC65-EF15-457D-88AA-02DC8422CE19}.Debug|Any CPU.ActiveCfg = Debug|Any CPU
		{B0EAFC65-EF15-457D-88AA-02DC8422CE19}.Debug|Any CPU.Build.0 = Debug|Any CPU
		{B0EAFC65-EF15-457D-88AA-02DC8422CE19}.ExportDebug|Any CPU.ActiveCfg = ExportDebug|Any CPU
		{B0EAFC65-EF15-457D-88AA-02DC8422CE19}.ExportDebug|Any CPU.Build.0 = ExportDebug|Any CPU
		{B0EAFC65-EF15-457D-88AA-02DC8422CE19}.ExportRelease|Any CPU.ActiveCfg = ExportRelease|Any CPU
		{B0EAFC65-EF15-457D-88AA-02DC8422CE19}.ExportRelease|Any CPU.Build.0 = ExportRelease|Any CPU
	EndGlobalSection
EndGlobal
