Microsoft Visual Studio Solution File, Format Version 12.00
# Visual Studio 2012
Project("{FAE04EC0-301F-11D3-BF4B-00C04F79EFBC}") = "GridRobot", "GridRobot.csproj", "{A5E8FC07-E73E-476D-93D5-2EA7814E2E23}"
EndProject
Global
	GlobalSection(SolutionConfigurationPlatforms) = preSolution
	Debug|Any CPU = Debug|Any CPU
	ExportDebug|Any CPU = ExportDebug|Any CPU
	ExportRelease|Any CPU = ExportRelease|Any CPU
	EndGlobalSection
	GlobalSection(ProjectConfigurationPlatforms) = postSolution
		{A5E8FC07-E73E-476D-93D5-2EA7814E2E23}.Debug|Any CPU.ActiveCfg = Debug|Any CPU
		{A5E8FC07-E73E-476D-93D5-2EA7814E2E23}.Debug|Any CPU.Build.0 = Debug|Any CPU
		{A5E8FC07-E73E-476D-93D5-2EA7814E2E23}.ExportDebug|Any CPU.ActiveCfg = ExportDebug|Any CPU
		{A5E8FC07-E73E-476D-93D5-2EA7814E2E23}.ExportDebug|Any CPU.Build.0 = ExportDebug|Any CPU
		{A5E8FC07-E73E-476D-93D5-2EA7814E2E23}.ExportRelease|Any CPU.ActiveCfg = ExportRelease|Any CPU
		{A5E8FC07-E73E-476D-93D5-2EA7814E2E23}.ExportRelease|Any CPU.Build.0 = ExportRelease|Any CPU
	EndGlobalSection
EndGlobal
