Microsoft Visual Studio Solution File, Format Version 12.00
# Visual Studio 2012
Project("{FAE04EC0-301F-11D3-BF4B-00C04F79EFBC}") = "Ice Hockey", "Ice Hockey.csproj", "{8BE5A28E-7EC7-4457-A61E-3F26ED0FF98B}"
EndProject
Global
	GlobalSection(SolutionConfigurationPlatforms) = preSolution
	Debug|Any CPU = Debug|Any CPU
	ExportDebug|Any CPU = ExportDebug|Any CPU
	ExportRelease|Any CPU = ExportRelease|Any CPU
	EndGlobalSection
	GlobalSection(ProjectConfigurationPlatforms) = postSolution
		{8BE5A28E-7EC7-4457-A61E-3F26ED0FF98B}.Debug|Any CPU.ActiveCfg = Debug|Any CPU
		{8BE5A28E-7EC7-4457-A61E-3F26ED0FF98B}.Debug|Any CPU.Build.0 = Debug|Any CPU
		{8BE5A28E-7EC7-4457-A61E-3F26ED0FF98B}.ExportDebug|Any CPU.ActiveCfg = ExportDebug|Any CPU
		{8BE5A28E-7EC7-4457-A61E-3F26ED0FF98B}.ExportDebug|Any CPU.Build.0 = ExportDebug|Any CPU
		{8BE5A28E-7EC7-4457-A61E-3F26ED0FF98B}.ExportRelease|Any CPU.ActiveCfg = ExportRelease|Any CPU
		{8BE5A28E-7EC7-4457-A61E-3F26ED0FF98B}.ExportRelease|Any CPU.Build.0 = ExportRelease|Any CPU
	EndGlobalSection
EndGlobal
